// !$*UTF8*$!
{
	archiveVersion = 1;
	classes = {
	};
	objectVersion = 46;
	objects = {

/* Begin PBXBuildFile section */
		847B32391AC719E800FEAA14 /* Cocoa.framework in Frameworks */ = {isa = PBXBuildFile; fileRef = 847B32381AC719E800FEAA14 /* Cocoa.framework */; };
		847B32431AC719E800FEAA14 /* InfoPlist.strings in Resources */ = {isa = PBXBuildFile; fileRef = 847B32411AC719E800FEAA14 /* InfoPlist.strings */; };
		847B32451AC719E800FEAA14 /* main.m in Sources */ = {isa = PBXBuildFile; fileRef = 847B32441AC719E800FEAA14 /* main.m */; };
		847B32491AC719E800FEAA14 /* Credits.rtf in Resources */ = {isa = PBXBuildFile; fileRef = 847B32471AC719E800FEAA14 /* Credits.rtf */; };
		847B324C1AC719E800FEAA14 /* AppDelegate.m in Sources */ = {isa = PBXBuildFile; fileRef = 847B324B1AC719E800FEAA14 /* AppDelegate.m */; };
		847B324F1AC719E800FEAA14 /* MainMenu.xib in Resources */ = {isa = PBXBuildFile; fileRef = 847B324D1AC719E800FEAA14 /* MainMenu.xib */; };
		847B325B1AC71A1900FEAA14 /* AppView.m in Sources */ = {isa = PBXBuildFile; fileRef = 847B325A1AC71A1900FEAA14 /* AppView.m */; };
		847B32611AC71A4000FEAA14 /* RectangleShape.m in Sources */ = {isa = PBXBuildFile; fileRef = 847B32601AC71A4000FEAA14 /* RectangleShape.m */; };
/* End PBXBuildFile section */

/* Begin PBXFileReference section */
		847B32341AC719E800FEAA14 /* AirResistance.app */ = {isa = PBXFileReference; explicitFileType = wrapper.application; includeInIndex = 0; path = AirResistance.app; sourceTree = BUILT_PRODUCTS_DIR; };
		847B32381AC719E800FEAA14 /* Cocoa.framework */ = {isa = PBXFileReference; lastKnownFileType = wrapper.framework; name = Cocoa.framework; path = System/Library/Frameworks/Cocoa.framework; sourceTree = SDKROOT; };
		847B323B1AC719E800FEAA14 /* AppKit.framework */ = {isa = PBXFileReference; lastKnownFileType = wrapper.framework; name = AppKit.framework; path = System/Library/Frameworks/AppKit.framework; sourceTree = SDKROOT; };
		847B323C1AC719E800FEAA14 /* CoreData.framework */ = {isa = PBXFileReference; lastKnownFileType = wrapper.framework; name = CoreData.framework; path = System/Library/Frameworks/CoreData.framework; sourceTree = SDKROOT; };
		847B323D1AC719E800FEAA14 /* Foundation.framework */ = {isa = PBXFileReference; lastKnownFileType = wrapper.framework; name = Foundation.framework; path = System/Library/Frameworks/Foundation.framework; sourceTree = SDKROOT; };
		847B32401AC719E800FEAA14 /* AirResistance-Info.plist */ = {isa = PBXFileReference; lastKnownFileType = text.plist.xml; path = "AirResistance-Info.plist"; sourceTree = "<group>"; };
		847B32421AC719E800FEAA14 /* en */ = {isa = PBXFileReference; lastKnownFileType = text.plist.strings; name = en; path = en.lproj/InfoPlist.strings; sourceTree = "<group>"; };
		847B32441AC719E800FEAA14 /* main.m */ = {isa = PBXFileReference; lastKnownFileType = sourcecode.c.objc; path = main.m; sourceTree = "<group>"; };
		847B32461AC719E800FEAA14 /* AirResistance-Prefix.pch */ = {isa = PBXFileReference; lastKnownFileType = sourcecode.c.h; path = "AirResistance-Prefix.pch"; sourceTree = "<group>"; };
		847B32481AC719E800FEAA14 /* en */ = {isa = PBXFileReference; lastKnownFileType = text.rtf; name = en; path = en.lproj/Credits.rtf; sourceTree = "<group>"; };
		847B324A1AC719E800FEAA14 /* AppDelegate.h */ = {isa = PBXFileReference; lastKnownFileType = sourcecode.c.h; path = AppDelegate.h; sourceTree = "<group>"; };
		847B324B1AC719E800FEAA14 /* AppDelegate.m */ = {isa = PBXFileReference; lastKnownFileType = sourcecode.c.objc; path = AppDelegate.m; sourceTree = "<group>"; };
		847B324E1AC719E800FEAA14 /* en */ = {isa = PBXFileReference; lastKnownFileType = file.xib; name = en; path = en.lproj/MainMenu.xib; sourceTree = "<group>"; };
		847B32591AC71A1900FEAA14 /* AppView.h */ = {isa = PBXFileReference; fileEncoding = 4; lastKnownFileType = sourcecode.c.h; path = AppView.h; sourceTree = "<group>"; };
		847B325A1AC71A1900FEAA14 /* AppView.m */ = {isa = PBXFileReference; fileEncoding = 4; lastKnownFileType = sourcecode.c.objc; path = AppView.m; sourceTree = "<group>"; };
		847B325F1AC71A4000FEAA14 /* RectangleShape.h */ = {isa = PBXFileReference; fileEncoding = 4; lastKnownFileType = sourcecode.c.h; path = RectangleShape.h; sourceTree = "<group>"; };
		847B32601AC71A4000FEAA14 /* RectangleShape.m */ = {isa = PBXFileReference; fileEncoding = 4; lastKnownFileType = sourcecode.c.objc; path = RectangleShape.m; sourceTree = "<group>"; };
/* End PBXFileReference section */

/* Begin PBXFrameworksBuildPhase section */
		847B32311AC719E800FEAA14 /* Frameworks */ = {
			isa = PBXFrameworksBuildPhase;
			buildActionMask = 2147483647;
			files = (
				847B32391AC719E800FEAA14 /* Cocoa.framework in Frameworks */,
			);
			runOnlyForDeploymentPostprocessing = 0;
		};
/* End PBXFrameworksBuildPhase section */

/* Begin PBXGroup section */
		847B32291AC719E800FEAA14 = {
			isa = PBXGroup;
			children = (
				847B323E1AC719E800FEAA14 /* AirResistance */,
				847B32371AC719E800FEAA14 /* Frameworks */,
				847B32351AC719E800FEAA14 /* Products */,
			);
			sourceTree = "<group>";
		};
		847B32351AC719E800FEAA14 /* Products */ = {
			isa = PBXGroup;
			children = (
				847B32341AC719E800FEAA14 /* AirResistance.app */,
			);
			name = Products;
			sourceTree = "<group>";
		};
		847B32371AC719E800FEAA14 /* Frameworks */ = {
			isa = PBXGroup;
			children = (
				847B32381AC719E800FEAA14 /* Cocoa.framework */,
				847B323A1AC719E800FEAA14 /* Other Frameworks */,
			);
			name = Frameworks;
			sourceTree = "<group>";
		};
		847B323A1AC719E800FEAA14 /* Other Frameworks */ = {
			isa = PBXGroup;
			children = (
				847B323B1AC719E800FEAA14 /* AppKit.framework */,
				847B323C1AC719E800FEAA14 /* CoreData.framework */,
				847B323D1AC719E800FEAA14 /* Foundation.framework */,
			);
			name = "Other Frameworks";
			sourceTree = "<group>";
		};
		847B323E1AC719E800FEAA14 /* AirResistance */ = {
			isa = PBXGroup;
			children = (
				847B324A1AC719E800FEAA14 /* AppDelegate.h */,
				847B324B1AC719E800FEAA14 /* AppDelegate.m */,
				847B324D1AC719E800FEAA14 /* MainMenu.xib */,
				847B323F1AC719E800FEAA14 /* Supporting Files */,
				847B32591AC71A1900FEAA14 /* AppView.h */,
				847B325A1AC71A1900FEAA14 /* AppView.m */,
				847B325F1AC71A4000FEAA14 /* RectangleShape.h */,
				847B32601AC71A4000FEAA14 /* RectangleShape.m */,
			);
			path = AirResistance;
			sourceTree = "<group>";
		};
		847B323F1AC719E800FEAA14 /* Supporting Files */ = {
			isa = PBXGroup;
			children = (
				847B32401AC719E800FEAA14 /* AirResistance-Info.plist */,
				847B32411AC719E800FEAA14 /* InfoPlist.strings */,
				847B32441AC719E800FEAA14 /* main.m */,
				847B32461AC719E800FEAA14 /* AirResistance-Prefix.pch */,
				847B32471AC719E800FEAA14 /* Credits.rtf */,
			);
			name = "Supporting Files";
			sourceTree = "<group>";
		};
/* End PBXGroup section */

/* Begin PBXNativeTarget section */
		847B32331AC719E800FEAA14 /* AirResistance */ = {
			isa = PBXNativeTarget;
			buildConfigurationList = 847B32521AC719E800FEAA14 /* Build configuration list for PBXNativeTarget "AirResistance" */;
			buildPhases = (
				847B32301AC719E800FEAA14 /* Sources */,
				847B32311AC719E800FEAA14 /* Frameworks */,
				847B32321AC719E800FEAA14 /* Resources */,
			);
			buildRules = (
			);
			dependencies = (
			);
			name = AirResistance;
			productName = AirResistance;
			productReference = 847B32341AC719E800FEAA14 /* AirResistance.app */;
			productType = "com.apple.product-type.application";
		};
/* End PBXNativeTarget section */

/* Begin PBXProject section */
		847B322B1AC719E800FEAA14 /* Project object */ = {
			isa = PBXProject;
			attributes = {
				LastUpgradeCheck = 0430;
			};
			buildConfigurationList = 847B322E1AC719E800FEAA14 /* Build configuration list for PBXProject "AirResistance" */;
			compatibilityVersion = "Xcode 3.2";
			developmentRegion = English;
			hasScannedForEncodings = 0;
			knownRegions = (
				en,
			);
			mainGroup = 847B32291AC719E800FEAA14;
			productRefGroup = 847B32351AC719E800FEAA14 /* Products */;
			projectDirPath = "";
			projectRoot = "";
			targets = (
				847B32331AC719E800FEAA14 /* AirResistance */,
			);
		};
/* End PBXProject section */

/* Begin PBXResourcesBuildPhase section */
		847B32321AC719E800FEAA14 /* Resources */ = {
			isa = PBXResourcesBuildPhase;
			buildActionMask = 2147483647;
			files = (
				847B32431AC719E800FEAA14 /* InfoPlist.strings in Resources */,
				847B32491AC719E800FEAA14 /* Credits.rtf in Resources */,
				847B324F1AC719E800FEAA14 /* MainMenu.xib in Resources */,
			);
			runOnlyForDeploymentPostprocessing = 0;
		};
/* End PBXResourcesBuildPhase section */

/* Begin PBXSourcesBuildPhase section */
		847B32301AC719E800FEAA14 /* Sources */ = {
			isa = PBXSourcesBuildPhase;
			buildActionMask = 2147483647;
			files = (
				847B32451AC719E800FEAA14 /* main.m in Sources */,
				847B324C1AC719E800FEAA14 /* AppDelegate.m in Sources */,
				847B325B1AC71A1900FEAA14 /* AppView.m in Sources */,
				847B32611AC71A4000FEAA14 /* RectangleShape.m in Sources */,
			);
			runOnlyForDeploymentPostprocessing = 0;
		};
/* End PBXSourcesBuildPhase section */

/* Begin PBXVariantGroup section */
		847B32411AC719E800FEAA14 /* InfoPlist.strings */ = {
			isa = PBXVariantGroup;
			children = (
				847B32421AC719E800FEAA14 /* en */,
			);
			name = InfoPlist.strings;
			sourceTree = "<group>";
		};
		847B32471AC719E800FEAA14 /* Credits.rtf */ = {
			isa = PBXVariantGroup;
			children = (
				847B32481AC719E800FEAA14 /* en */,
			);
			name = Credits.rtf;
			sourceTree = "<group>";
		};
		847B324D1AC719E800FEAA14 /* MainMenu.xib */ = {
			isa = PBXVariantGroup;
			children = (
				847B324E1AC719E800FEAA14 /* en */,
			);
			name = MainMenu.xib;
			sourceTree = "<group>";
		};
/* End PBXVariantGroup section */

/* Begin XCBuildConfiguration section */
		847B32501AC719E800FEAA14 /* Debug */ = {
			isa = XCBuildConfiguration;
			buildSettings = {
				ALWAYS_SEARCH_USER_PATHS = NO;
				ARCHS = "$(ARCHS_STANDARD_64_BIT)";
				CLANG_ENABLE_OBJC_ARC = YES;
				COPY_PHASE_STRIP = NO;
				GCC_C_LANGUAGE_STANDARD = gnu99;
				GCC_DYNAMIC_NO_PIC = NO;
				GCC_ENABLE_OBJC_EXCEPTIONS = YES;
				GCC_OPTIMIZATION_LEVEL = 0;
				GCC_PREPROCESSOR_DEFINITIONS = (
					"DEBUG=1",
					"$(inherited)",
				);
				GCC_SYMBOLS_PRIVATE_EXTERN = NO;
				GCC_VERSION = com.apple.compilers.llvm.clang.1_0;
				GCC_WARN_64_TO_32_BIT_CONVERSION = YES;
				GCC_WARN_ABOUT_RETURN_TYPE = YES;
				GCC_WARN_UNINITIALIZED_AUTOS = YES;
				GCC_WARN_UNUSED_VARIABLE = YES;
				MACOSX_DEPLOYMENT_TARGET = 10.7;
				ONLY_ACTIVE_ARCH = YES;
				SDKROOT = macosx;
			};
			name = Debug;
		};
		847B32511AC719E800FEAA14 /* Release */ = {
			isa = XCBuildConfiguration;
			buildSettings = {
				ALWAYS_SEARCH_USER_PATHS = NO;
				ARCHS = "$(ARCHS_STANDARD_64_BIT)";
				CLANG_ENABLE_OBJC_ARC = YES;
				COPY_PHASE_STRIP = YES;
				DEBUG_INFORMATION_FORMAT = "dwarf-with-dsym";
				GCC_C_LANGUAGE_STANDARD = gnu99;
				GCC_ENABLE_OBJC_EXCEPTIONS = YES;
				GCC_VERSION = com.apple.compilers.llvm.clang.1_0;
				GCC_WARN_64_TO_32_BIT_CONVERSION = YES;
				GCC_WARN_ABOUT_RETURN_TYPE = YES;
				GCC_WARN_UNINITIALIZED_AUTOS = YES;
				GCC_WARN_UNUSED_VARIABLE = YES;
				MACOSX_DEPLOYMENT_TARGET = 10.7;
				SDKROOT = macosx;
			};
			name = Release;
		};
		847B32531AC719E800FEAA14 /* Debug */ = {
			isa = XCBuildConfiguration;
			buildSettings = {
				GCC_PRECOMPILE_PREFIX_HEADER = YES;
				GCC_PREFIX_HEADER = "AirResistance/AirResistance-Prefix.pch";
				INFOPLIST_FILE = "AirResistance/AirResistance-Info.plist";
				PRODUCT_NAME = "$(TARGET_NAME)";
				WRAPPER_EXTENSION = app;
			};
			name = Debug;
		};
		847B32541AC719E800FEAA14 /* Release */ = {
			isa = XCBuildConfiguration;
			buildSettings = {
				GCC_PRECOMPILE_PREFIX_HEADER = YES;
				GCC_PREFIX_HEADER = "AirResistance/AirResistance-Prefix.pch";
				INFOPLIST_FILE = "AirResistance/AirResistance-Info.plist";
				PRODUCT_NAME = "$(TARGET_NAME)";
				WRAPPER_EXTENSION = app;
			};
			name = Release;
		};
/* End XCBuildConfiguration section */

/* Begin XCConfigurationList section */
		847B322E1AC719E800FEAA14 /* Build configuration list for PBXProject "AirResistance" */ = {
			isa = XCConfigurationList;
			buildConfigurations = (
				847B32501AC719E800FEAA14 /* Debug */,
				847B32511AC719E800FEAA14 /* Release */,
			);
			defaultConfigurationIsVisible = 0;
			defaultConfigurationName = Release;
		};
		847B32521AC719E800FEAA14 /* Build configuration list for PBXNativeTarget "AirResistance" */ = {
			isa = XCConfigurationList;
			buildConfigurations = (
				847B32531AC719E800FEAA14 /* Debug */,
				847B32541AC719E800FEAA14 /* Release */,
			);
			defaultConfigurationIsVisible = 0;
		};
/* End XCConfigurationList section */
	};
	rootObject = 847B322B1AC719E800FEAA14 /* Project object */;
}
